
Microsoft Visual Studio Solution File, Format Version 12.00
# 
Project("{2150E333-8FDC-42A3-9474-1A3956D46DE8}") = "src", "src", "{4BDBD0F9-E7AF-4BFE-B80A-1D7351F66EBD}"
EndProject
Project("{FAE04EC0-301F-11D3-BF4B-00C04F79EFBC}") = "Givt.Notifications.WePay", "src\Givt.Notifications.WePay\Givt.Notifications.WePay.csproj", "{7FCAF5FE-735A-4DB3-AF36-59ABD0C3922D}"
EndProject
Project("{2150E333-8FDC-42A3-9474-1A3956D46DE8}") = "dependencies", "dependencies", "{68B2C5F2-CB73-4166-8C5A-29FFB8A28BC6}"
EndProject
Project("{2150E333-8FDC-42A3-9474-1A3956D46DE8}") = "givtapicore", "givtapicore", "{47DDB44E-5D77-470C-A856-BE6C0E2C9C6B}"
EndProject
Project("{FAE04EC0-301F-11D3-BF4B-00C04F79EFBC}") = "Givt.Business", "dependencies\givtapicore\Givt.Business\Givt.Business.csproj", "{C04FE8C5-7FF6-4AF3-970E-8E73EDD24A86}"
EndProject
Global
	GlobalSection(SolutionConfigurationPlatforms) = preSolution
		Debug|Any CPU = Debug|Any CPU
		Release|Any CPU = Release|Any CPU
	EndGlobalSection
	GlobalSection(ProjectConfigurationPlatforms) = postSolution
		{7FCAF5FE-735A-4DB3-AF36-59ABD0C3922D}.Debug|Any CPU.ActiveCfg = Debug|Any CPU
		{7FCAF5FE-735A-4DB3-AF36-59ABD0C3922D}.Debug|Any CPU.Build.0 = Debug|Any CPU
		{7FCAF5FE-735A-4DB3-AF36-59ABD0C3922D}.Release|Any CPU.ActiveCfg = Release|Any CPU
		{7FCAF5FE-735A-4DB3-AF36-59ABD0C3922D}.Release|Any CPU.Build.0 = Release|Any CPU
		{C04FE8C5-7FF6-4AF3-970E-8E73EDD24A86}.Debug|Any CPU.ActiveCfg = Debug|Any CPU
		{C04FE8C5-7FF6-4AF3-970E-8E73EDD24A86}.Debug|Any CPU.Build.0 = Debug|Any CPU
		{C04FE8C5-7FF6-4AF3-970E-8E73EDD24A86}.Release|Any CPU.ActiveCfg = Release|Any CPU
		{C04FE8C5-7FF6-4AF3-970E-8E73EDD24A86}.Release|Any CPU.Build.0 = Release|Any CPU
	EndGlobalSection
	GlobalSection(NestedProjects) = preSolution
		{7FCAF5FE-735A-4DB3-AF36-59ABD0C3922D} = {4BDBD0F9-E7AF-4BFE-B80A-1D7351F66EBD}
		{47DDB44E-5D77-470C-A856-BE6C0E2C9C6B} = {68B2C5F2-CB73-4166-8C5A-29FFB8A28BC6}
		{C04FE8C5-7FF6-4AF3-970E-8E73EDD24A86} = {47DDB44E-5D77-470C-A856-BE6C0E2C9C6B}
	EndGlobalSection
EndGlobal
