
Microsoft Visual Studio Solution File, Format Version 12.00
Project("{FAE04EC0-301F-11D3-BF4B-00C04F79EFBC}") = "givt.notifications.wepay", "givt.notifications.wepay.csproj", "{71634125-9053-4AD9-B937-E5CE35AACB96}"
EndProject
Project("{2150E333-8FDC-42A3-9474-1A3956D46DE8}") = "Dependencies", "Dependencies", "{20718CAD-8E9E-4665-A69C-8139FD8A838F}"
EndProject
Project("{FAE04EC0-301F-11D3-BF4B-00C04F79EFBC}") = "Givt.Business", "givtapicore\Givt.Business\Givt.Business.csproj", "{19F48375-0F01-4D63-A547-8461D3DC449B}"
EndProject
Project("{FAE04EC0-301F-11D3-BF4B-00C04F79EFBC}") = "Givt.Models", "givtapicore\Givt.Models\Givt.Models.csproj", "{8B4909FF-44C1-466E-95B8-D5ADB1B4F037}"
EndProject
Project("{FAE04EC0-301F-11D3-BF4B-00C04F79EFBC}") = "Givt.DatabaseAccess", "givtapicore\Givt.DatabaseAccess\Givt.DatabaseAccess.csproj", "{D245C942-4387-4F98-A610-EA69FE0F18EB}"
EndProject
Project("{FAE04EC0-301F-11D3-BF4B-00C04F79EFBC}") = "Givt.DBModels", "givtapicore\Givt.DBModels\Givt.DBModels.csproj", "{552310B1-2B33-468C-A452-A55A0AAC3B4F}"
EndProject
Project("{2150E333-8FDC-42A3-9474-1A3956D46DE8}") = "Integrations", "Integrations", "{EDC2F05C-0C2C-4EA0-915E-0BD705033904}"
EndProject
Project("{FAE04EC0-301F-11D3-BF4B-00C04F79EFBC}") = "Givt.Integrations.Interfaces", "givtapicore\Integrations\Givt.Integrations.Interfaces\Givt.Integrations.Interfaces.csproj", "{0C256A2F-95BC-4E7A-A3E0-1CE418F20DB8}"
EndProject
Project("{FAE04EC0-301F-11D3-BF4B-00C04F79EFBC}") = "Givt.Integrations.Logging", "givtapicore\Integrations\Givt.Integrations.Logging\Givt.Integrations.Logging.csproj", "{B3BF49D4-5082-43B0-B858-F6196257AE0A}"
EndProject
Project("{2150E333-8FDC-42A3-9474-1A3956D46DE8}") = "src", "src", "{D1746F01-E053-454D-8639-81CB6B508DF4}"
EndProject
Global
	GlobalSection(SolutionConfigurationPlatforms) = preSolution
		Debug|Any CPU = Debug|Any CPU
		Release|Any CPU = Release|Any CPU
	EndGlobalSection
	GlobalSection(ProjectConfigurationPlatforms) = postSolution
		{71634125-9053-4AD9-B937-E5CE35AACB96}.Debug|Any CPU.ActiveCfg = Debug|Any CPU
		{71634125-9053-4AD9-B937-E5CE35AACB96}.Debug|Any CPU.Build.0 = Debug|Any CPU
		{71634125-9053-4AD9-B937-E5CE35AACB96}.Release|Any CPU.ActiveCfg = Release|Any CPU
		{71634125-9053-4AD9-B937-E5CE35AACB96}.Release|Any CPU.Build.0 = Release|Any CPU
		{19F48375-0F01-4D63-A547-8461D3DC449B}.Debug|Any CPU.ActiveCfg = Debug|Any CPU
		{19F48375-0F01-4D63-A547-8461D3DC449B}.Debug|Any CPU.Build.0 = Debug|Any CPU
		{19F48375-0F01-4D63-A547-8461D3DC449B}.Release|Any CPU.ActiveCfg = Release|Any CPU
		{19F48375-0F01-4D63-A547-8461D3DC449B}.Release|Any CPU.Build.0 = Release|Any CPU
		{8B4909FF-44C1-466E-95B8-D5ADB1B4F037}.Debug|Any CPU.ActiveCfg = Debug|x64
		{8B4909FF-44C1-466E-95B8-D5ADB1B4F037}.Debug|Any CPU.Build.0 = Debug|x64
		{8B4909FF-44C1-466E-95B8-D5ADB1B4F037}.Release|Any CPU.ActiveCfg = Release|x64
		{8B4909FF-44C1-466E-95B8-D5ADB1B4F037}.Release|Any CPU.Build.0 = Release|x64
		{D245C942-4387-4F98-A610-EA69FE0F18EB}.Debug|Any CPU.ActiveCfg = Debug|Any CPU
		{D245C942-4387-4F98-A610-EA69FE0F18EB}.Debug|Any CPU.Build.0 = Debug|Any CPU
		{D245C942-4387-4F98-A610-EA69FE0F18EB}.Release|Any CPU.ActiveCfg = Release|Any CPU
		{D245C942-4387-4F98-A610-EA69FE0F18EB}.Release|Any CPU.Build.0 = Release|Any CPU
		{552310B1-2B33-468C-A452-A55A0AAC3B4F}.Debug|Any CPU.ActiveCfg = Debug|x64
		{552310B1-2B33-468C-A452-A55A0AAC3B4F}.Debug|Any CPU.Build.0 = Debug|x64
		{552310B1-2B33-468C-A452-A55A0AAC3B4F}.Release|Any CPU.ActiveCfg = Release|x64
		{552310B1-2B33-468C-A452-A55A0AAC3B4F}.Release|Any CPU.Build.0 = Release|x64
		{0C256A2F-95BC-4E7A-A3E0-1CE418F20DB8}.Debug|Any CPU.ActiveCfg = Debug|Any CPU
		{0C256A2F-95BC-4E7A-A3E0-1CE418F20DB8}.Debug|Any CPU.Build.0 = Debug|Any CPU
		{0C256A2F-95BC-4E7A-A3E0-1CE418F20DB8}.Release|Any CPU.ActiveCfg = Release|Any CPU
		{0C256A2F-95BC-4E7A-A3E0-1CE418F20DB8}.Release|Any CPU.Build.0 = Release|Any CPU
		{B3BF49D4-5082-43B0-B858-F6196257AE0A}.Debug|Any CPU.ActiveCfg = Debug|Any CPU
		{B3BF49D4-5082-43B0-B858-F6196257AE0A}.Debug|Any CPU.Build.0 = Debug|Any CPU
		{B3BF49D4-5082-43B0-B858-F6196257AE0A}.Release|Any CPU.ActiveCfg = Release|Any CPU
		{B3BF49D4-5082-43B0-B858-F6196257AE0A}.Release|Any CPU.Build.0 = Release|Any CPU
	EndGlobalSection
	GlobalSection(NestedProjects) = preSolution
		{19F48375-0F01-4D63-A547-8461D3DC449B} = {20718CAD-8E9E-4665-A69C-8139FD8A838F}
		{8B4909FF-44C1-466E-95B8-D5ADB1B4F037} = {20718CAD-8E9E-4665-A69C-8139FD8A838F}
		{D245C942-4387-4F98-A610-EA69FE0F18EB} = {20718CAD-8E9E-4665-A69C-8139FD8A838F}
		{552310B1-2B33-468C-A452-A55A0AAC3B4F} = {20718CAD-8E9E-4665-A69C-8139FD8A838F}
		{EDC2F05C-0C2C-4EA0-915E-0BD705033904} = {20718CAD-8E9E-4665-A69C-8139FD8A838F}
		{0C256A2F-95BC-4E7A-A3E0-1CE418F20DB8} = {EDC2F05C-0C2C-4EA0-915E-0BD705033904}
		{B3BF49D4-5082-43B0-B858-F6196257AE0A} = {EDC2F05C-0C2C-4EA0-915E-0BD705033904}
		{71634125-9053-4AD9-B937-E5CE35AACB96} = {D1746F01-E053-454D-8639-81CB6B508DF4}
	EndGlobalSection
EndGlobal
